Microsoft Visual Studio Solution File, Format Version 12.00
# Visual Studio Version 16
VisualStudioVersion = 16.0.30204.135
MinimumVisualStudioVersion = 10.0.40219.1
Project("{9A19103F-16F7-4668-BE54-9A1E7A4F7556}") = "TechJobsOO", "TechJobsOO\TechJobsOO.csproj", "{C76D48E1-4C5C-4DB4-89A2-DBACCF4CBE4F}"
EndProject
Project("{FAE04EC0-301F-11D3-BF4B-00C04F79EFBC}") = "TechJobsTests", "TechJobsTests\TechJobsTests.csproj", "{C604365E-48D2-4354-AC58-42C4A2AD360A}"
EndProject
Global
	GlobalSection(SolutionConfigurationPlatforms) = preSolution
		Debug|Any CPU = Debug|Any CPU
		Release|Any CPU = Release|Any CPU
	EndGlobalSection
	GlobalSection(ProjectConfigurationPlatforms) = postSolution
		{C76D48E1-4C5C-4DB4-89A2-DBACCF4CBE4F}.Debug|Any CPU.ActiveCfg = Debug|Any CPU
		{C76D48E1-4C5C-4DB4-89A2-DBACCF4CBE4F}.Debug|Any CPU.Build.0 = Debug|Any CPU
		{C76D48E1-4C5C-4DB4-89A2-DBACCF4CBE4F}.Release|Any CPU.ActiveCfg = Release|Any CPU
		{C76D48E1-4C5C-4DB4-89A2-DBACCF4CBE4F}.Release|Any CPU.Build.0 = Release|Any CPU
		{C604365E-48D2-4354-AC58-42C4A2AD360A}.Debug|Any CPU.ActiveCfg = Debug|Any CPU
		{C604365E-48D2-4354-AC58-42C4A2AD360A}.Debug|Any CPU.Build.0 = Debug|Any CPU
		{C604365E-48D2-4354-AC58-42C4A2AD360A}.Release|Any CPU.ActiveCfg = Release|Any CPU
		{C604365E-48D2-4354-AC58-42C4A2AD360A}.Release|Any CPU.Build.0 = Release|Any CPU
	EndGlobalSection
	GlobalSection(SolutionProperties) = preSolution
		HideSolutionNode = FALSE
	EndGlobalSection
	GlobalSection(ExtensibilityGlobals) = postSolution
		SolutionGuid = {ADD73A17-E5BD-4E85-9151-5B6B43423E7D}
	EndGlobalSection
EndGlobal
